
Microsoft Visual Studio Solution File, Format Version 12.00
# Visual Studio Version 17
VisualStudioVersion = 17.4.33213.308
MinimumVisualStudioVersion = 10.0.40219.1
Project("{FAE04EC0-301F-11D3-BF4B-00C04F79EFBC}") = "UT1_BugSquash", "UT1_BugSquash.csproj", "{A6CC3A28-4BC7-4584-8545-22E855ABE36A}"
EndProject
Global
	GlobalSection(SolutionConfigurationPlatforms) = preSolution
		Debug|Any CPU = Debug|Any CPU
		Release|Any CPU = Release|Any CPU
	EndGlobalSection
	GlobalSection(ProjectConfigurationPlatforms) = postSolution
		{A6CC3A28-4BC7-4584-8545-22E855ABE36A}.Debug|Any CPU.ActiveCfg = Debug|Any CPU
		{A6CC3A28-4BC7-4584-8545-22E855ABE36A}.Debug|Any CPU.Build.0 = Debug|Any CPU
		{A6CC3A28-4BC7-4584-8545-22E855ABE36A}.Release|Any CPU.ActiveCfg = Release|Any CPU
		{A6CC3A28-4BC7-4584-8545-22E855ABE36A}.Release|Any CPU.Build.0 = Release|Any CPU
	EndGlobalSection
	GlobalSection(SolutionProperties) = preSolution
		HideSolutionNode = FALSE
	EndGlobalSection
	GlobalSection(ExtensibilityGlobals) = postSolution
		SolutionGuid = {415007C9-DFE8-47D6-A419-33740C0FB79B}
	EndGlobalSection
EndGlobal
